Microsoft Visual Studio Solution File, Format Version 12.00
# Visual Studio Version 18
VisualStudioVersion = 18.4.11605.240
MinimumVisualStudioVersion = 10.0.40219.1
Project("{FAE04EC0-301F-11D3-BF4B-00C04F79EFBC}") = "FormFlow.Core", "FormFlow.Core\FormFlow.Core.csproj", "{9B9254E9-F857-413B-84FE-17284C08A10C}"
EndProject
Project("{FAE04EC0-301F-11D3-BF4B-00C04F79EFBC}") = "FormFlow.Components", "FormFlow.Components\FormFlow.Components.csproj", "{CBEC6B88-D482-491D-8941-B21FA772ECA1}"
EndProject
Project("{FAE04EC0-301F-11D3-BF4B-00C04F79EFBC}") = "FormFlow.App", "FormFlow.App\FormFlow.App.csproj", "{488320AE-67DF-42CA-B96D-E5243897DDD6}"
EndProject
Global
	GlobalSection(SolutionConfigurationPlatforms) = preSolution
		Debug|Any CPU = Debug|Any CPU
		Release|Any CPU = Release|Any CPU
	EndGlobalSection
	GlobalSection(ProjectConfigurationPlatforms) = postSolution
		{9B9254E9-F857-413B-84FE-17284C08A10C}.Debug|Any CPU.ActiveCfg = Debug|Any CPU
		{9B9254E9-F857-413B-84FE-17284C08A10C}.Debug|Any CPU.Build.0 = Debug|Any CPU
		{9B9254E9-F857-413B-84FE-17284C08A10C}.Release|Any CPU.ActiveCfg = Release|Any CPU
		{9B9254E9-F857-413B-84FE-17284C08A10C}.Release|Any CPU.Build.0 = Release|Any CPU
		{CBEC6B88-D482-491D-8941-B21FA772ECA1}.Debug|Any CPU.ActiveCfg = Debug|Any CPU
		{CBEC6B88-D482-491D-8941-B21FA772ECA1}.Debug|Any CPU.Build.0 = Debug|Any CPU
		{CBEC6B88-D482-491D-8941-B21FA772ECA1}.Release|Any CPU.ActiveCfg = Release|Any CPU
		{CBEC6B88-D482-491D-8941-B21FA772ECA1}.Release|Any CPU.Build.0 = Release|Any CPU
		{488320AE-67DF-42CA-B96D-E5243897DDD6}.Debug|Any CPU.ActiveCfg = Debug|Any CPU
		{488320AE-67DF-42CA-B96D-E5243897DDD6}.Debug|Any CPU.Build.0 = Debug|Any CPU
		{488320AE-67DF-42CA-B96D-E5243897DDD6}.Release|Any CPU.ActiveCfg = Release|Any CPU
		{488320AE-67DF-42CA-B96D-E5243897DDD6}.Release|Any CPU.Build.0 = Release|Any CPU
	EndGlobalSection
	GlobalSection(SolutionProperties) = preSolution
		HideSolutionNode = FALSE
	EndGlobalSection
EndGlobal
